// !$*UTF8*$!
{
	archiveVersion = 1;
	classes = {
	};
	objectVersion = 46;
	objects = {

/* Begin PBXBuildFile section */
		0F3A8C271EC4B46D00C84379 /* LMSegmentView.m in Sources */ = {isa = PBXBuildFile; fileRef = 0F3A8C241EC4B46D00C84379 /* LMSegmentView.m */; };
		0F3A8C281EC4B46D00C84379 /* LMHomeTitleView.m in Sources */ = {isa = PBXBuildFile; fileRef = 0F3A8C251EC4B46D00C84379 /* LMHomeTitleView.m */; };
		0F6EF3261EC204B4002AE345 /* main.m in Sources */ = {isa = PBXBuildFile; fileRef = 0F6EF3251EC204B4002AE345 /* main.m */; };
		0F6EF3291EC204B4002AE345 /* LMAppDelegate.m in Sources */ = {isa = PBXBuildFile; fileRef = 0F6EF3281EC204B4002AE345 /* LMAppDelegate.m */; };
		0F6EF3311EC204B4002AE345 /* Assets.xcassets in Resources */ = {isa = PBXBuildFile; fileRef = 0F6EF3301EC204B4002AE345 /* Assets.xcassets */; };
		3F54B7D4CC511798A316ECED /* libPods-LMLive.a in Frameworks */ = {isa = PBXBuildFile; fileRef = B1F4026F13F84C607823CF21 /* libPods-LMLive.a */; };
		6A1D50911EC54A5A00A55D9B /* LMRecommendViewController.m in Sources */ = {isa = PBXBuildFile; fileRef = 6A1D50901EC54A5A00A55D9B /* LMRecommendViewController.m */; };
		6A1D50951EC558DA00A55D9B /* LMRecommendCollectionViewCell.m in Sources */ = {isa = PBXBuildFile; fileRef = 6A1D50931EC558DA00A55D9B /* LMRecommendCollectionViewCell.m */; };
		6A1D50961EC558DA00A55D9B /* LMRecommendCollectionViewCell.xib in Resources */ = {isa = PBXBuildFile; fileRef = 6A1D50941EC558DA00A55D9B /* LMRecommendCollectionViewCell.xib */; };
		6A1D509D1EC5611600A55D9B /* LMNetworkManager.m in Sources */ = {isa = PBXBuildFile; fileRef = 6A1D509C1EC5611600A55D9B /* LMNetworkManager.m */; };
		6A1D50A01EC561D500A55D9B /* UIImage+LMAdd.m in Sources */ = {isa = PBXBuildFile; fileRef = 6A1D509F1EC561D500A55D9B /* UIImage+LMAdd.m */; };
		6A1D50A41EC565D800A55D9B /* LMHomeModel.m in Sources */ = {isa = PBXBuildFile; fileRef = 6A1D50A31EC565D800A55D9B /* LMHomeModel.m */; };
		6A1D50A71EC565E800A55D9B /* LMHomeSectionModel.m in Sources */ = {isa = PBXBuildFile; fileRef = 6A1D50A61EC565E800A55D9B /* LMHomeSectionModel.m */; };
		6A7A06891EC2BADA00B5791B /* LMTabBarController.m in Sources */ = {isa = PBXBuildFile; fileRef = 6A7A06881EC2BADA00B5791B /* LMTabBarController.m */; };
		6A7A068F1EC2BCD400B5791B /* LMLaunchViewController.m in Sources */ = {isa = PBXBuildFile; fileRef = 6A7A068E1EC2BCD400B5791B /* LMLaunchViewController.m */; };
		6ABD5CF81EC3133400CBD820 /* LMHomeViewController.m in Sources */ = {isa = PBXBuildFile; fileRef = 6ABD5CF71EC3133400CBD820 /* LMHomeViewController.m */; };
		6ABD5CFB1EC3134500CBD820 /* LMLiveViewController.m in Sources */ = {isa = PBXBuildFile; fileRef = 6ABD5CFA1EC3134500CBD820 /* LMLiveViewController.m */; };
		6ABD5CFE1EC3138300CBD820 /* LMMineViewController.m in Sources */ = {isa = PBXBuildFile; fileRef = 6ABD5CFD1EC3138300CBD820 /* LMMineViewController.m */; };
		6ABD5D011EC3139500CBD820 /* LMMyLiveViewController.m in Sources */ = {isa = PBXBuildFile; fileRef = 6ABD5D001EC3139500CBD820 /* LMMyLiveViewController.m */; };
		6ABD5D041EC315BD00CBD820 /* LMNavigationViewController.m in Sources */ = {isa = PBXBuildFile; fileRef = 6ABD5D031EC315BD00CBD820 /* LMNavigationViewController.m */; };
		6ABD5D071EC31C9500CBD820 /* UIView+LMAdd.m in Sources */ = {isa = PBXBuildFile; fileRef = 6ABD5D061EC31C9500CBD820 /* UIView+LMAdd.m */; };
/* End PBXBuildFile section */

/* Begin PBXFileReference section */
		0F3A8C231EC4B46D00C84379 /* LMHomeTitleView.h */ = {isa = PBXFileReference; fileEncoding = 4; lastKnownFileType = sourcecode.c.h; path = LMHomeTitleView.h; sourceTree = "<group>"; };
		0F3A8C241EC4B46D00C84379 /* LMSegmentView.m */ = {isa = PBXFileReference; fileEncoding = 4; lastKnownFileType = sourcecode.c.objc; path = LMSegmentView.m; sourceTree = "<group>"; };
		0F3A8C251EC4B46D00C84379 /* LMHomeTitleView.m */ = {isa = PBXFileReference; fileEncoding = 4; lastKnownFileType = sourcecode.c.objc; path = LMHomeTitleView.m; sourceTree = "<group>"; };
		0F3A8C261EC4B46D00C84379 /* LMSegmentView.h */ = {isa = PBXFileReference; fileEncoding = 4; lastKnownFileType = sourcecode.c.h; path = LMSegmentView.h; sourceTree = "<group>"; };
		0F6EF3211EC204B4002AE345 /* LMLive.app */ = {isa = PBXFileReference; explicitFileType = wrapper.application; includeInIndex = 0; path = LMLive.app; sourceTree = BUILT_PRODUCTS_DIR; };
		0F6EF3251EC204B4002AE345 /* main.m */ = {isa = PBXFileReference; lastKnownFileType = sourcecode.c.objc; path = main.m; sourceTree = "<group>"; };
		0F6EF3271EC204B4002AE345 /* LMAppDelegate.h */ = {isa = PBXFileReference; lastKnownFileType = sourcecode.c.h; name = LMAppDelegate.h; path = ../../../LMAppDelegate.h; sourceTree = "<group>"; };
		0F6EF3281EC204B4002AE345 /* LMAppDelegate.m */ = {isa = PBXFileReference; lastKnownFileType = sourcecode.c.objc; name = LMAppDelegate.m; path = ../../../LMAppDelegate.m; sourceTree = "<group>"; };
		0F6EF3301EC204B4002AE345 /* Assets.xcassets */ = {isa = PBXFileReference; lastKnownFileType = folder.assetcatalog; path = Assets.xcassets; sourceTree = "<group>"; };
		0F6EF3351EC204B4002AE345 /* Info.plist */ = {isa = PBXFileReference; lastKnownFileType = text.plist.xml; path = Info.plist; sourceTree = "<group>"; };
		3E264710D0EC7430FC2DAD1F /* Pods-LMLive.debug.xcconfig */ = {isa = PBXFileReference; includeInIndex = 1; lastKnownFileType = text.xcconfig; name = "Pods-LMLive.debug.xcconfig"; path = "Pods/Target Support Files/Pods-LMLive/Pods-LMLive.debug.xcconfig"; sourceTree = "<group>"; };
		6A1D508F1EC54A5A00A55D9B /* LMRecommendViewController.h */ = {isa = PBXFileReference; fileEncoding = 4; lastKnownFileType = sourcecode.c.h; path = LMRecommendViewController.h; sourceTree = "<group>"; };
		6A1D50901EC54A5A00A55D9B /* LMRecommendViewController.m */ = {isa = PBXFileReference; fileEncoding = 4; lastKnownFileType = sourcecode.c.objc; path = LMRecommendViewController.m; sourceTree = "<group>"; };
		6A1D50921EC558DA00A55D9B /* LMRecommendCollectionViewCell.h */ = {isa = PBXFileReference; fileEncoding = 4; lastKnownFileType = sourcecode.c.h; path = LMRecommendCollectionViewCell.h; sourceTree = "<group>"; };
		6A1D50931EC558DA00A55D9B /* LMRecommendCollectionViewCell.m */ = {isa = PBXFileReference; fileEncoding = 4; lastKnownFileType = sourcecode.c.objc; path = LMRecommendCollectionViewCell.m; sourceTree = "<group>"; };
		6A1D50941EC558DA00A55D9B /* LMRecommendCollectionViewCell.xib */ = {isa = PBXFileReference; fileEncoding = 4; lastKnownFileType = file.xib; path = LMRecommendCollectionViewCell.xib; sourceTree = "<group>"; };
		6A1D509B1EC5611600A55D9B /* LMNetworkManager.h */ = {isa = PBXFileReference; fileEncoding = 4; lastKnownFileType = sourcecode.c.h; path = LMNetworkManager.h; sourceTree = "<group>"; };
		6A1D509C1EC5611600A55D9B /* LMNetworkManager.m */ = {isa = PBXFileReference; fileEncoding = 4; lastKnownFileType = sourcecode.c.objc; path = LMNetworkManager.m; sourceTree = "<group>"; };
		6A1D509E1EC561D500A55D9B /* UIImage+LMAdd.h */ = {isa = PBXFileReference; fileEncoding = 4; lastKnownFileType = sourcecode.c.h; path = "UIImage+LMAdd.h"; sourceTree = "<group>"; };
		6A1D509F1EC561D500A55D9B /* UIImage+LMAdd.m */ = {isa = PBXFileReference; fileEncoding = 4; lastKnownFileType = sourcecode.c.objc; path = "UIImage+LMAdd.m"; sourceTree = "<group>"; };
		6A1D50A21EC565D800A55D9B /* LMHomeModel.h */ = {isa = PBXFileReference; fileEncoding = 4; lastKnownFileType = sourcecode.c.h; path = LMHomeModel.h; sourceTree = "<group>"; };
		6A1D50A31EC565D800A55D9B /* LMHomeModel.m */ = {isa = PBXFileReference; fileEncoding = 4; lastKnownFileType = sourcecode.c.objc; path = LMHomeModel.m; sourceTree = "<group>"; };
		6A1D50A51EC565E800A55D9B /* LMHomeSectionModel.h */ = {isa = PBXFileReference; fileEncoding = 4; lastKnownFileType = sourcecode.c.h; path = LMHomeSectionModel.h; sourceTree = "<group>"; };
		6A1D50A61EC565E800A55D9B /* LMHomeSectionModel.m */ = {isa = PBXFileReference; fileEncoding = 4; lastKnownFileType = sourcecode.c.objc; path = LMHomeSectionModel.m; sourceTree = "<group>"; };
		6A7A06871EC2BADA00B5791B /* LMTabBarController.h */ = {isa = PBXFileReference; fileEncoding = 4; lastKnownFileType = sourcecode.c.h; path = LMTabBarController.h; sourceTree = "<group>"; };
		6A7A06881EC2BADA00B5791B /* LMTabBarController.m */ = {isa = PBXFileReference; fileEncoding = 4; lastKnownFileType = sourcecode.c.objc; path = LMTabBarController.m; sourceTree = "<group>"; };
		6A7A068D1EC2BCD400B5791B /* LMLaunchViewController.h */ = {isa = PBXFileReference; fileEncoding = 4; lastKnownFileType = sourcecode.c.h; path = LMLaunchViewController.h; sourceTree = "<group>"; };
		6A7A068E1EC2BCD400B5791B /* LMLaunchViewController.m */ = {isa = PBXFileReference; fileEncoding = 4; lastKnownFileType = sourcecode.c.objc; path = LMLaunchViewController.m; sourceTree = "<group>"; };
		6A7A06901EC2BDF200B5791B /* LMPrefixHeader.pch */ = {isa = PBXFileReference; fileEncoding = 4; lastKnownFileType = sourcecode.c.h; path = LMPrefixHeader.pch; sourceTree = "<group>"; };
		6A7A06911EC2BE5F00B5791B /* LMConnect.h */ = {isa = PBXFileReference; lastKnownFileType = sourcecode.c.h; path = LMConnect.h; sourceTree = "<group>"; };
		6A7A06921EC2BE7100B5791B /* LMConst.h */ = {isa = PBXFileReference; lastKnownFileType = sourcecode.c.h; path = LMConst.h; sourceTree = "<group>"; };
		6ABD5CF61EC3133400CBD820 /* LMHomeViewController.h */ = {isa = PBXFileReference; fileEncoding = 4; lastKnownFileType = sourcecode.c.h; path = LMHomeViewController.h; sourceTree = "<group>"; };
		6ABD5CF71EC3133400CBD820 /* LMHomeViewController.m */ = {isa = PBXFileReference; fileEncoding = 4; lastKnownFileType = sourcecode.c.objc; path = LMHomeViewController.m; sourceTree = "<group>"; };
		6ABD5CF91EC3134500CBD820 /* LMLiveViewController.h */ = {isa = PBXFileReference; fileEncoding = 4; lastKnownFileType = sourcecode.c.h; path = LMLiveViewController.h; sourceTree = "<group>"; };
		6ABD5CFA1EC3134500CBD820 /* LMLiveViewController.m */ = {isa = PBXFileReference; fileEncoding = 4; lastKnownFileType = sourcecode.c.objc; path = LMLiveViewController.m; sourceTree = "<group>"; };
		6ABD5CFC1EC3138300CBD820 /* LMMineViewController.h */ = {isa = PBXFileReference; fileEncoding = 4; lastKnownFileType = sourcecode.c.h; path = LMMineViewController.h; sourceTree = "<group>"; };
		6ABD5CFD1EC3138300CBD820 /* LMMineViewController.m */ = {isa = PBXFileReference; fileEncoding = 4; lastKnownFileType = sourcecode.c.objc; path = LMMineViewController.m; sourceTree = "<group>"; };
		6ABD5CFF1EC3139500CBD820 /* LMMyLiveViewController.h */ = {isa = PBXFileReference; fileEncoding = 4; lastKnownFileType = sourcecode.c.h; path = LMMyLiveViewController.h; sourceTree = "<group>"; };
		6ABD5D001EC3139500CBD820 /* LMMyLiveViewController.m */ = {isa = PBXFileReference; fileEncoding = 4; lastKnownFileType = sourcecode.c.objc; path = LMMyLiveViewController.m; sourceTree = "<group>"; };
		6ABD5D021EC315BD00CBD820 /* LMNavigationViewController.h */ = {isa = PBXFileReference; fileEncoding = 4; lastKnownFileType = sourcecode.c.h; path = LMNavigationViewController.h; sourceTree = "<group>"; };
		6ABD5D031EC315BD00CBD820 /* LMNavigationViewController.m */ = {isa = PBXFileReference; fileEncoding = 4; lastKnownFileType = sourcecode.c.objc; path = LMNavigationViewController.m; sourceTree = "<group>"; };
		6ABD5D051EC31C9500CBD820 /* UIView+LMAdd.h */ = {isa = PBXFileReference; fileEncoding = 4; lastKnownFileType = sourcecode.c.h; path = "UIView+LMAdd.h"; sourceTree = "<group>"; };
		6ABD5D061EC31C9500CBD820 /* UIView+LMAdd.m */ = {isa = PBXFileReference; fileEncoding = 4; lastKnownFileType = sourcecode.c.objc; path = "UIView+LMAdd.m"; sourceTree = "<group>"; };
		B1F4026F13F84C607823CF21 /* libPods-LMLive.a */ = {isa = PBXFileReference; explicitFileType = archive.ar; includeInIndex = 0; path = "libPods-LMLive.a"; sourceTree = BUILT_PRODUCTS_DIR; };
		DE76D8F9C705E98F6E0B1852 /* Pods-LMLive.release.xcconfig */ = {isa = PBXFileReference; includeInIndex = 1; lastKnownFileType = text.xcconfig; name = "Pods-LMLive.release.xcconfig"; path = "Pods/Target Support Files/Pods-LMLive/Pods-LMLive.release.xcconfig"; sourceTree = "<group>"; };
/* End PBXFileReference section */

/* Begin PBXFrameworksBuildPhase section */
		0F6EF31E1EC204B4002AE345 /* Frameworks */ = {
			isa = PBXFrameworksBuildPhase;
			buildActionMask = 2147483647;
			files = (
				3F54B7D4CC511798A316ECED /* libPods-LMLive.a in Frameworks */,
			);
			runOnlyForDeploymentPostprocessing = 0;
		};
/* End PBXFrameworksBuildPhase section */

/* Begin PBXGroup section */
		0633AE0C3A007A2C787D4E16 /* Frameworks */ = {
			isa = PBXGroup;
			children = (
				B1F4026F13F84C607823CF21 /* libPods-LMLive.a */,
			);
			name = Frameworks;
			sourceTree = "<group>";
		};
		0F3A8C211EC4B46400C84379 /* Views */ = {
			isa = PBXGroup;
			children = (
				0F3A8C231EC4B46D00C84379 /* LMHomeTitleView.h */,
				0F3A8C251EC4B46D00C84379 /* LMHomeTitleView.m */,
				0F3A8C241EC4B46D00C84379 /* LMSegmentView.m */,
				0F3A8C261EC4B46D00C84379 /* LMSegmentView.h */,
				6A1D50921EC558DA00A55D9B /* LMRecommendCollectionViewCell.h */,
				6A1D50931EC558DA00A55D9B /* LMRecommendCollectionViewCell.m */,
				6A1D50941EC558DA00A55D9B /* LMRecommendCollectionViewCell.xib */,
			);
			path = Views;
			sourceTree = "<group>";
		};
		0F3A8C2A1EC4B4DE00C84379 /* Account */ = {
			isa = PBXGroup;
			children = (
			);
			path = Account;
			sourceTree = "<group>";
		};
		0F6EF3181EC204B4002AE345 = {
			isa = PBXGroup;
			children = (
				0F6EF3231EC204B4002AE345 /* LMLive */,
				0F6EF3221EC204B4002AE345 /* Products */,
				CA7F4C2D46107E0A0D9F2684 /* Pods */,
				0633AE0C3A007A2C787D4E16 /* Frameworks */,
			);
			sourceTree = "<group>";
		};
		0F6EF3221EC204B4002AE345 /* Products */ = {
			isa = PBXGroup;
			children = (
				0F6EF3211EC204B4002AE345 /* LMLive.app */,
			);
			name = Products;
			sourceTree = "<group>";
		};
		0F6EF3231EC204B4002AE345 /* LMLive */ = {
			isa = PBXGroup;
			children = (
				6A7A066B1EC2BA7A00B5791B /* Classes */,
				0F6EF3241EC204B4002AE345 /* Supporting Files */,
			);
			path = LMLive;
			sourceTree = "<group>";
		};
		0F6EF3241EC204B4002AE345 /* Supporting Files */ = {
			isa = PBXGroup;
			children = (
				0F6EF3301EC204B4002AE345 /* Assets.xcassets */,
				0F6EF3351EC204B4002AE345 /* Info.plist */,
				0F6EF3251EC204B4002AE345 /* main.m */,
			);
			name = "Supporting Files";
			sourceTree = "<group>";
		};
		6A1D509A1EC5610F00A55D9B /* Utility */ = {
			isa = PBXGroup;
			children = (
				6A1D509B1EC5611600A55D9B /* LMNetworkManager.h */,
				6A1D509C1EC5611600A55D9B /* LMNetworkManager.m */,
			);
			path = Utility;
			sourceTree = "<group>";
		};
		6A1D50A11EC565BF00A55D9B /* Model */ = {
			isa = PBXGroup;
			children = (
				6A1D50A21EC565D800A55D9B /* LMHomeModel.h */,
				6A1D50A31EC565D800A55D9B /* LMHomeModel.m */,
				6A1D50A51EC565E800A55D9B /* LMHomeSectionModel.h */,
				6A1D50A61EC565E800A55D9B /* LMHomeSectionModel.m */,
			);
			path = Model;
			sourceTree = "<group>";
		};
		6A7A066B1EC2BA7A00B5791B /* Classes */ = {
			isa = PBXGroup;
			children = (
				6A1D509A1EC5610F00A55D9B /* Utility */,
				0F3A8C2A1EC4B4DE00C84379 /* Account */,
				6A7A06701EC2BA7A00B5791B /* Home */,
				6A7A06741EC2BA7A00B5791B /* Live */,
				6A7A06781EC2BA7A00B5791B /* Main */,
				6A7A067E1EC2BA7A00B5791B /* Mine */,
				6A7A06821EC2BA7A00B5791B /* MyLive */,
			);
			path = Classes;
			sourceTree = "<group>";
		};
		6A7A06701EC2BA7A00B5791B /* Home */ = {
			isa = PBXGroup;
			children = (
				6A1D50A11EC565BF00A55D9B /* Model */,
				0F3A8C211EC4B46400C84379 /* Views */,
				6A7A06711EC2BA7A00B5791B /* Controller */,
			);
			path = Home;
			sourceTree = "<group>";
		};
		6A7A06711EC2BA7A00B5791B /* Controller */ = {
			isa = PBXGroup;
			children = (
				6ABD5CF61EC3133400CBD820 /* LMHomeViewController.h */,
				6ABD5CF71EC3133400CBD820 /* LMHomeViewController.m */,
				6A1D508F1EC54A5A00A55D9B /* LMRecommendViewController.h */,
				6A1D50901EC54A5A00A55D9B /* LMRecommendViewController.m */,
			);
			path = Controller;
			sourceTree = "<group>";
		};
		6A7A06741EC2BA7A00B5791B /* Live */ = {
			isa = PBXGroup;
			children = (
				6A7A06751EC2BA7A00B5791B /* Controller */,
			);
			path = Live;
			sourceTree = "<group>";
		};
		6A7A06751EC2BA7A00B5791B /* Controller */ = {
			isa = PBXGroup;
			children = (
				6ABD5CF91EC3134500CBD820 /* LMLiveViewController.h */,
				6ABD5CFA1EC3134500CBD820 /* LMLiveViewController.m */,
			);
			path = Controller;
			sourceTree = "<group>";
		};
		6A7A06781EC2BA7A00B5791B /* Main */ = {
			isa = PBXGroup;
			children = (
				6A7A06791EC2BA7A00B5791B /* Category */,
				6A7A067A1EC2BA7A00B5791B /* Controller */,
				6A7A067C1EC2BA7A00B5791B /* Others */,
			);
			path = Main;
			sourceTree = "<group>";
		};
		6A7A06791EC2BA7A00B5791B /* Category */ = {
			isa = PBXGroup;
			children = (
				6ABD5D051EC31C9500CBD820 /* UIView+LMAdd.h */,
				6ABD5D061EC31C9500CBD820 /* UIView+LMAdd.m */,
				6A1D509E1EC561D500A55D9B /* UIImage+LMAdd.h */,
				6A1D509F1EC561D500A55D9B /* UIImage+LMAdd.m */,
			);
			path = Category;
			sourceTree = "<group>";
		};
		6A7A067A1EC2BA7A00B5791B /* Controller */ = {
			isa = PBXGroup;
			children = (
				6A7A06871EC2BADA00B5791B /* LMTabBarController.h */,
				6A7A06881EC2BADA00B5791B /* LMTabBarController.m */,
				6ABD5D021EC315BD00CBD820 /* LMNavigationViewController.h */,
				6ABD5D031EC315BD00CBD820 /* LMNavigationViewController.m */,
				6A7A068D1EC2BCD400B5791B /* LMLaunchViewController.h */,
				6A7A068E1EC2BCD400B5791B /* LMLaunchViewController.m */,
			);
			path = Controller;
			sourceTree = "<group>";
		};
		6A7A067C1EC2BA7A00B5791B /* Others */ = {
			isa = PBXGroup;
			children = (
				0F6EF3271EC204B4002AE345 /* LMAppDelegate.h */,
				0F6EF3281EC204B4002AE345 /* LMAppDelegate.m */,
				6A7A06901EC2BDF200B5791B /* LMPrefixHeader.pch */,
				6A7A06911EC2BE5F00B5791B /* LMConnect.h */,
				6A7A06921EC2BE7100B5791B /* LMConst.h */,
			);
			path = Others;
			sourceTree = "<group>";
		};
		6A7A067E1EC2BA7A00B5791B /* Mine */ = {
			isa = PBXGroup;
			children = (
				6A7A067F1EC2BA7A00B5791B /* Controller */,
			);
			path = Mine;
			sourceTree = "<group>";
		};
		6A7A067F1EC2BA7A00B5791B /* Controller */ = {
			isa = PBXGroup;
			children = (
				6ABD5CFC1EC3138300CBD820 /* LMMineViewController.h */,
				6ABD5CFD1EC3138300CBD820 /* LMMineViewController.m */,
			);
			path = Controller;
			sourceTree = "<group>";
		};
		6A7A06821EC2BA7A00B5791B /* MyLive */ = {
			isa = PBXGroup;
			children = (
				6A7A06831EC2BA7A00B5791B /* Controller */,
			);
			path = MyLive;
			sourceTree = "<group>";
		};
		6A7A06831EC2BA7A00B5791B /* Controller */ = {
			isa = PBXGroup;
			children = (
				6ABD5CFF1EC3139500CBD820 /* LMMyLiveViewController.h */,
				6ABD5D001EC3139500CBD820 /* LMMyLiveViewController.m */,
			);
			path = Controller;
			sourceTree = "<group>";
		};
		CA7F4C2D46107E0A0D9F2684 /* Pods */ = {
			isa = PBXGroup;
			children = (
				3E264710D0EC7430FC2DAD1F /* Pods-LMLive.debug.xcconfig */,
				DE76D8F9C705E98F6E0B1852 /* Pods-LMLive.release.xcconfig */,
			);
			name = Pods;
			sourceTree = "<group>";
		};
/* End PBXGroup section */

/* Begin PBXNativeTarget section */
		0F6EF3201EC204B4002AE345 /* LMLive */ = {
			isa = PBXNativeTarget;
			buildConfigurationList = 0F6EF3381EC204B4002AE345 /* Build configuration list for PBXNativeTarget "LMLive" */;
			buildPhases = (
				CC2DC6587FC177F51543CFAF /* [CP] Check Pods Manifest.lock */,
				0F6EF31D1EC204B4002AE345 /* Sources */,
				0F6EF31E1EC204B4002AE345 /* Frameworks */,
				0F6EF31F1EC204B4002AE345 /* Resources */,
				DAFE954ED95A660E0AF4BAB4 /* [CP] Embed Pods Frameworks */,
				FF8548B672BD5EC18677B94A /* [CP] Copy Pods Resources */,
			);
			buildRules = (
			);
			dependencies = (
			);
			name = LMLive;
			productName = LMLive;
			productReference = 0F6EF3211EC204B4002AE345 /* LMLive.app */;
			productType = "com.apple.product-type.application";
		};
/* End PBXNativeTarget section */

/* Begin PBXProject section */
		0F6EF3191EC204B4002AE345 /* Project object */ = {
			isa = PBXProject;
			attributes = {
				CLASSPREFIX = LM;
				LastUpgradeCheck = 0830;
				ORGANIZATIONNAME = linhongmin;
				TargetAttributes = {
					0F6EF3201EC204B4002AE345 = {
						CreatedOnToolsVersion = 8.3;
						DevelopmentTeam = 7FY57H4H7A;
						ProvisioningStyle = Manual;
					};
				};
			};
			buildConfigurationList = 0F6EF31C1EC204B4002AE345 /* Build configuration list for PBXProject "LMLive" */;
			compatibilityVersion = "Xcode 3.2";
			developmentRegion = English;
			hasScannedForEncodings = 0;
			knownRegions = (
				en,
				Base,
			);
			mainGroup = 0F6EF3181EC204B4002AE345;
			productRefGroup = 0F6EF3221EC204B4002AE345 /* Products */;
			projectDirPath = "";
			projectRoot = "";
			targets = (
				0F6EF3201EC204B4002AE345 /* LMLive */,
			);
		};
/* End PBXProject section */

/* Begin PBXResourcesBuildPhase section */
		0F6EF31F1EC204B4002AE345 /* Resources */ = {
			isa = PBXResourcesBuildPhase;
			buildActionMask = 2147483647;
			files = (
				6A1D50961EC558DA00A55D9B /* LMRecommendCollectionViewCell.xib in Resources */,
				0F6EF3311EC204B4002AE345 /* Assets.xcassets in Resources */,
			);
			runOnlyForDeploymentPostprocessing = 0;
		};
/* End PBXResourcesBuildPhase section */

/* Begin PBXShellScriptBuildPhase section */
		CC2DC6587FC177F51543CFAF /* [CP] Check Pods Manifest.lock */ = {
			isa = PBXShellScriptBuildPhase;
			buildActionMask = 2147483647;
			files = (
			);
			inputPaths = (
			);
			name = "[CP] Check Pods Manifest.lock";
			outputPaths = (
			);
			runOnlyForDeploymentPostprocessing = 0;
			shellPath = /bin/sh;
			shellScript = "diff \"${PODS_PODFILE_DIR_PATH}/Podfile.lock\" \"${PODS_ROOT}/Manifest.lock\" > /dev/null\nif [ $? != 0 ] ; then\n    # print error to STDERR\n    echo \"error: The sandbox is not in sync with the Podfile.lock. Run 'pod install' or update your CocoaPods installation.\" >&2\n    exit 1\nfi\n";
			showEnvVarsInLog = 0;
		};
		DAFE954ED95A660E0AF4BAB4 /* [CP] Embed Pods Frameworks */ = {
			isa = PBXShellScriptBuildPhase;
			buildActionMask = 2147483647;
			files = (
			);
			inputPaths = (
			);
			name = "[CP] Embed Pods Frameworks";
			outputPaths = (
			);
			runOnlyForDeploymentPostprocessing = 0;
			shellPath = /bin/sh;
			shellScript = "\"${SRCROOT}/Pods/Target Support Files/Pods-LMLive/Pods-LMLive-frameworks.sh\"\n";
			showEnvVarsInLog = 0;
		};
		FF8548B672BD5EC18677B94A /* [CP] Copy Pods Resources */ = {
			isa = PBXShellScriptBuildPhase;
			buildActionMask = 2147483647;
			files = (
			);
			inputPaths = (
			);
			name = "[CP] Copy Pods Resources";
			outputPaths = (
			);
			runOnlyForDeploymentPostprocessing = 0;
			shellPath = /bin/sh;
			shellScript = "\"${SRCROOT}/Pods/Target Support Files/Pods-LMLive/Pods-LMLive-resources.sh\"\n";
			showEnvVarsInLog = 0;
		};
/* End PBXShellScriptBuildPhase section */

/* Begin PBXSourcesBuildPhase section */
		0F6EF31D1EC204B4002AE345 /* Sources */ = {
			isa = PBXSourcesBuildPhase;
			buildActionMask = 2147483647;
			files = (
				6A1D50911EC54A5A00A55D9B /* LMRecommendViewController.m in Sources */,
				6A1D50A71EC565E800A55D9B /* LMHomeSectionModel.m in Sources */,
				6A7A06891EC2BADA00B5791B /* LMTabBarController.m in Sources */,
				6ABD5D041EC315BD00CBD820 /* LMNavigationViewController.m in Sources */,
				6ABD5D011EC3139500CBD820 /* LMMyLiveViewController.m in Sources */,
				6A1D50951EC558DA00A55D9B /* LMRecommendCollectionViewCell.m in Sources */,
				0F3A8C281EC4B46D00C84379 /* LMHomeTitleView.m in Sources */,
				6ABD5D071EC31C9500CBD820 /* UIView+LMAdd.m in Sources */,
				0F6EF3291EC204B4002AE345 /* LMAppDelegate.m in Sources */,
				6A1D50A01EC561D500A55D9B /* UIImage+LMAdd.m in Sources */,
				6A1D509D1EC5611600A55D9B /* LMNetworkManager.m in Sources */,
				0F3A8C271EC4B46D00C84379 /* LMSegmentView.m in Sources */,
				6ABD5CF81EC3133400CBD820 /* LMHomeViewController.m in Sources */,
				6ABD5CFE1EC3138300CBD820 /* LMMineViewController.m in Sources */,
				6A1D50A41EC565D800A55D9B /* LMHomeModel.m in Sources */,
				6A7A068F1EC2BCD400B5791B /* LMLaunchViewController.m in Sources */,
				0F6EF3261EC204B4002AE345 /* main.m in Sources */,
				6ABD5CFB1EC3134500CBD820 /* LMLiveViewController.m in Sources */,
			);
			runOnlyForDeploymentPostprocessing = 0;
		};
/* End PBXSourcesBuildPhase section */

/* Begin XCBuildConfiguration section */
		0F6EF3361EC204B4002AE345 /* Debug */ = {
			isa = XCBuildConfiguration;
			buildSettings = {
				ALWAYS_SEARCH_USER_PATHS = NO;
				CLANG_ANALYZER_NONNULL = YES;
				CLANG_ANALYZER_NUMBER_OBJECT_CONVERSION = YES_AGGRESSIVE;
				CLANG_CXX_LANGUAGE_STANDARD = "gnu++0x";
				CLANG_CXX_LIBRARY = "libc++";
				CLANG_ENABLE_MODULES = YES;
				CLANG_ENABLE_OBJC_ARC = YES;
				CLANG_WARN_BOOL_CONVERSION = YES;
				CLANG_WARN_CONSTANT_CONVERSION = YES;
				CLANG_WARN_DIRECT_OBJC_ISA_USAGE = YES_ERROR;
				CLANG_WARN_DOCUMENTATION_COMMENTS = YES;
				CLANG_WARN_EMPTY_BODY = YES;
				CLANG_WARN_ENUM_CONVERSION = YES;
				CLANG_WARN_INFINITE_RECURSION = YES;
				CLANG_WARN_INT_CONVERSION = YES;
				CLANG_WARN_OBJC_ROOT_CLASS = YES_ERROR;
				CLANG_WARN_SUSPICIOUS_MOVE = YES;
				CLANG_WARN_UNREACHABLE_CODE = YES;
				CLANG_WARN__DUPLICATE_METHOD_MATCH = YES;
				"CODE_SIGN_IDENTITY[sdk=iphoneos*]" = "iPhone Developer";
				COPY_PHASE_STRIP = NO;
				DEBUG_INFORMATION_FORMAT = dwarf;
				ENABLE_STRICT_OBJC_MSGSEND = YES;
				ENABLE_TESTABILITY = YES;
				GCC_C_LANGUAGE_STANDARD = gnu99;
				GCC_DYNAMIC_NO_PIC = NO;
				GCC_NO_COMMON_BLOCKS = YES;
				GCC_OPTIMIZATION_LEVEL = 0;
				GCC_PREPROCESSOR_DEFINITIONS = (
					"DEBUG=1",
					"$(inherited)",
				);
				GCC_WARN_64_TO_32_BIT_CONVERSION = YES;
				GCC_WARN_ABOUT_RETURN_TYPE = YES_ERROR;
				GCC_WARN_UNDECLARED_SELECTOR = YES;
				GCC_WARN_UNINITIALIZED_AUTOS = YES_AGGRESSIVE;
				GCC_WARN_UNUSED_FUNCTION = YES;
				GCC_WARN_UNUSED_VARIABLE = YES;
				IPHONEOS_DEPLOYMENT_TARGET = 10.3;
				MTL_ENABLE_DEBUG_INFO = YES;
				ONLY_ACTIVE_ARCH = YES;
				SDKROOT = iphoneos;
			};
			name = Debug;
		};
		0F6EF3371EC204B4002AE345 /* Release */ = {
			isa = XCBuildConfiguration;
			buildSettings = {
				ALWAYS_SEARCH_USER_PATHS = NO;
				CLANG_ANALYZER_NONNULL = YES;
				CLANG_ANALYZER_NUMBER_OBJECT_CONVERSION = YES_AGGRESSIVE;
				CLANG_CXX_LANGUAGE_STANDARD = "gnu++0x";
				CLANG_CXX_LIBRARY = "libc++";
				CLANG_ENABLE_MODULES = YES;
				CLANG_ENABLE_OBJC_ARC = YES;
				CLANG_WARN_BOOL_CONVERSION = YES;
				CLANG_WARN_CONSTANT_CONVERSION = YES;
				CLANG_WARN_DIRECT_OBJC_ISA_USAGE = YES_ERROR;
				CLANG_WARN_DOCUMENTATION_COMMENTS = YES;
				CLANG_WARN_EMPTY_BODY = YES;
				CLANG_WARN_ENUM_CONVERSION = YES;
				CLANG_WARN_INFINITE_RECURSION = YES;
				CLANG_WARN_INT_CONVERSION = YES;
				CLANG_WARN_OBJC_ROOT_CLASS = YES_ERROR;
				CLANG_WARN_SUSPICIOUS_MOVE = YES;
				CLANG_WARN_UNREACHABLE_CODE = YES;
				CLANG_WARN__DUPLICATE_METHOD_MATCH = YES;
				"CODE_SIGN_IDENTITY[sdk=iphoneos*]" = "iPhone Developer";
				COPY_PHASE_STRIP = NO;
				DEBUG_INFORMATION_FORMAT = "dwarf-with-dsym";
				ENABLE_NS_ASSERTIONS = NO;
				ENABLE_STRICT_OBJC_MSGSEND = YES;
				GCC_C_LANGUAGE_STANDARD = gnu99;
				GCC_NO_COMMON_BLOCKS = YES;
				GCC_WARN_64_TO_32_BIT_CONVERSION = YES;
				GCC_WARN_ABOUT_RETURN_TYPE = YES_ERROR;
				GCC_WARN_UNDECLARED_SELECTOR = YES;
				GCC_WARN_UNINITIALIZED_AUTOS = YES_AGGRESSIVE;
				GCC_WARN_UNUSED_FUNCTION = YES;
				GCC_WARN_UNUSED_VARIABLE = YES;
				IPHONEOS_DEPLOYMENT_TARGET = 10.3;
				MTL_ENABLE_DEBUG_INFO = NO;
				SDKROOT = iphoneos;
				VALIDATE_PRODUCT = YES;
			};
			name = Release;
		};
		0F6EF3391EC204B4002AE345 /* Debug */ = {
			isa = XCBuildConfiguration;
			baseConfigurationReference = 3E264710D0EC7430FC2DAD1F /* Pods-LMLive.debug.xcconfig */;
			buildSettings = {
				ASSETCATALOG_COMPILER_APPICON_NAME = AppIcon;
				ASSETCATALOG_COMPILER_LAUNCHIMAGE_NAME = LaunchImage;
				DEVELOPMENT_TEAM = 7FY57H4H7A;
				GCC_PREFIX_HEADER = "$(SRCROOT)/LMLive/Classes/Main/Others/LMprefixHeader.pch";
				INFOPLIST_FILE = LMLive/Info.plist;
				IPHONEOS_DEPLOYMENT_TARGET = 8.0;
				LD_RUNPATH_SEARCH_PATHS = "$(inherited) @executable_path/Frameworks";
				PRODUCT_BUNDLE_IDENTIFIER = com.LMin.LMLive;
				PRODUCT_NAME = "$(TARGET_NAME)";
				PROVISIONING_PROFILE = "f85969fc-a0c8-47c4-8277-ed05a3336de9";
				PROVISIONING_PROFILE_SPECIFIER = LMLiveDevelopment;
			};
			name = Debug;
		};
		0F6EF33A1EC204B4002AE345 /* Release */ = {
			isa = XCBuildConfiguration;
			baseConfigurationReference = DE76D8F9C705E98F6E0B1852 /* Pods-LMLive.release.xcconfig */;
			buildSettings = {
				ASSETCATALOG_COMPILER_APPICON_NAME = AppIcon;
				ASSETCATALOG_COMPILER_LAUNCHIMAGE_NAME = LaunchImage;
				"CODE_SIGN_IDENTITY[sdk=iphoneos*]" = "iPhone Distribution";
				DEVELOPMENT_TEAM = 7FY57H4H7A;
				GCC_PREFIX_HEADER = "$(SRCROOT)/LMLive/Classes/Main/Others/LMprefixHeader.pch";
				INFOPLIST_FILE = LMLive/Info.plist;
				IPHONEOS_DEPLOYMENT_TARGET = 8.0;
				LD_RUNPATH_SEARCH_PATHS = "$(inherited) @executable_path/Frameworks";
				PRODUCT_BUNDLE_IDENTIFIER = com.LMin.LMLive;
				PRODUCT_NAME = "$(TARGET_NAME)";
				PROVISIONING_PROFILE = "d890c211-4c03-4dcb-8dc9-d18a1f7ab465";
				PROVISIONING_PROFILE_SPECIFIER = LMLiveDistribution;
			};
			name = Release;
		};
/* End XCBuildConfiguration section */

/* Begin XCConfigurationList section */
		0F6EF31C1EC204B4002AE345 /* Build configuration list for PBXProject "LMLive" */ = {
			isa = XCConfigurationList;
			buildConfigurations = (
				0F6EF3361EC204B4002AE345 /* Debug */,
				0F6EF3371EC204B4002AE345 /* Release */,
			);
			defaultConfigurationIsVisible = 0;
			defaultConfigurationName = Release;
		};
		0F6EF3381EC204B4002AE345 /* Build configuration list for PBXNativeTarget "LMLive" */ = {
			isa = XCConfigurationList;
			buildConfigurations = (
				0F6EF3391EC204B4002AE345 /* Debug */,
				0F6EF33A1EC204B4002AE345 /* Release */,
			);
			defaultConfigurationIsVisible = 0;
			defaultConfigurationName = Release;
		};
/* End XCConfigurationList section */
	};
	rootObject = 0F6EF3191EC204B4002AE345 /* Project object */;
}
